# THIS IS AN AUTOGENERATED FILE. DO NOT EDIT THIS FILE DIRECTLY.
# yarn lockfile v1


cou@latest:
  version "1.4.0"
  resolved "http://registry.npm.qiwoo.org/cou/download/cou-1.4.0.tgz#d47f4bd9517d8b792beac59305a24559d3db8323"
  dependencies:
    min-is latest

min-is@latest:
  version "2.2.0"
  resolved "http://registry.npm.qiwoo.org/min-is/download/min-is-2.2.0.tgz#2d84ba26b7be7554afd470108f7265d4ce4b39b0"

min-util@^3.0.0:
  version "3.0.0"
  resolved "http://registry.npm.qiwoo.org/min-util/download/min-util-3.0.0.tgz#99a34ce2e6cca0a3416a15e63d1d22c010290b17"
  dependencies:
    cou latest
